
Microsoft Visual Studio Solution File, Format Version 12.00
# Visual Studio Version 17
VisualStudioVersion = 17.8.34511.84
MinimumVisualStudioVersion = 10.0.40219.1
Project("{FAE04EC0-301F-11D3-BF4B-00C04F79EFBC}") = "BingImageDownloadServiceForWindows", "BingImageDownloadServiceForWindows\BingImageDownloadServiceForWindows.csproj", "{E94387A3-1941-4863-8255-FF0BC45FC225}"
EndProject
Project("{FAE04EC0-301F-11D3-BF4B-00C04F79EFBC}") = "ClassLibrary", "ClassLibrary\ClassLibrary.csproj", "{A448CACA-81D8-4892-A22B-87437B9621A1}"
EndProject
Project("{FAE04EC0-301F-11D3-BF4B-00C04F79EFBC}") = "BingImageDownloadForConsoleApplication", "BingImageDownloadForConsoleApplication\BingImageDownloadForConsoleApplication.csproj", "{019717B3-0C9A-46CA-9337-EEE4215DEFA0}"
EndProject
Project("{FAE04EC0-301F-11D3-BF4B-00C04F79EFBC}") = "BingImageDownloadSetting", "BingImageDownloadSetting\BingImageDownloadSetting.csproj", "{146B2EF9-6F58-4A94-9E3D-3A2B0B858314}"
EndProject
Global
	GlobalSection(SolutionConfigurationPlatforms) = preSolution
		Debug|Any CPU = Debug|Any CPU
		Debug|x86 = Debug|x86
		Release|Any CPU = Release|Any CPU
		Release|x86 = Release|x86
	EndGlobalSection
	GlobalSection(ProjectConfigurationPlatforms) = postSolution
		{E94387A3-1941-4863-8255-FF0BC45FC225}.Debug|Any CPU.ActiveCfg = Debug|Any CPU
		{E94387A3-1941-4863-8255-FF0BC45FC225}.Debug|Any CPU.Build.0 = Debug|Any CPU
		{E94387A3-1941-4863-8255-FF0BC45FC225}.Debug|x86.ActiveCfg = Debug|Any CPU
		{E94387A3-1941-4863-8255-FF0BC45FC225}.Debug|x86.Build.0 = Debug|Any CPU
		{E94387A3-1941-4863-8255-FF0BC45FC225}.Release|Any CPU.ActiveCfg = Release|Any CPU
		{E94387A3-1941-4863-8255-FF0BC45FC225}.Release|Any CPU.Build.0 = Release|Any CPU
		{E94387A3-1941-4863-8255-FF0BC45FC225}.Release|x86.ActiveCfg = Release|Any CPU
		{E94387A3-1941-4863-8255-FF0BC45FC225}.Release|x86.Build.0 = Release|Any CPU
		{A448CACA-81D8-4892-A22B-87437B9621A1}.Debug|Any CPU.ActiveCfg = Debug|Any CPU
		{A448CACA-81D8-4892-A22B-87437B9621A1}.Debug|Any CPU.Build.0 = Debug|Any CPU
		{A448CACA-81D8-4892-A22B-87437B9621A1}.Debug|x86.ActiveCfg = Debug|Any CPU
		{A448CACA-81D8-4892-A22B-87437B9621A1}.Debug|x86.Build.0 = Debug|Any CPU
		{A448CACA-81D8-4892-A22B-87437B9621A1}.Release|Any CPU.ActiveCfg = Release|Any CPU
		{A448CACA-81D8-4892-A22B-87437B9621A1}.Release|Any CPU.Build.0 = Release|Any CPU
		{A448CACA-81D8-4892-A22B-87437B9621A1}.Release|x86.ActiveCfg = Release|Any CPU
		{A448CACA-81D8-4892-A22B-87437B9621A1}.Release|x86.Build.0 = Release|Any CPU
		{019717B3-0C9A-46CA-9337-EEE4215DEFA0}.Debug|Any CPU.ActiveCfg = Debug|Any CPU
		{019717B3-0C9A-46CA-9337-EEE4215DEFA0}.Debug|Any CPU.Build.0 = Debug|Any CPU
		{019717B3-0C9A-46CA-9337-EEE4215DEFA0}.Debug|x86.ActiveCfg = Debug|Any CPU
		{019717B3-0C9A-46CA-9337-EEE4215DEFA0}.Debug|x86.Build.0 = Debug|Any CPU
		{019717B3-0C9A-46CA-9337-EEE4215DEFA0}.Release|Any CPU.ActiveCfg = Release|Any CPU
		{019717B3-0C9A-46CA-9337-EEE4215DEFA0}.Release|Any CPU.Build.0 = Release|Any CPU
		{019717B3-0C9A-46CA-9337-EEE4215DEFA0}.Release|x86.ActiveCfg = Release|x86
		{019717B3-0C9A-46CA-9337-EEE4215DEFA0}.Release|x86.Build.0 = Release|x86
		{146B2EF9-6F58-4A94-9E3D-3A2B0B858314}.Debug|Any CPU.ActiveCfg = Debug|Any CPU
		{146B2EF9-6F58-4A94-9E3D-3A2B0B858314}.Debug|Any CPU.Build.0 = Debug|Any CPU
		{146B2EF9-6F58-4A94-9E3D-3A2B0B858314}.Debug|x86.ActiveCfg = Debug|Any CPU
		{146B2EF9-6F58-4A94-9E3D-3A2B0B858314}.Debug|x86.Build.0 = Debug|Any CPU
		{146B2EF9-6F58-4A94-9E3D-3A2B0B858314}.Release|Any CPU.ActiveCfg = Release|Any CPU
		{146B2EF9-6F58-4A94-9E3D-3A2B0B858314}.Release|Any CPU.Build.0 = Release|Any CPU
		{146B2EF9-6F58-4A94-9E3D-3A2B0B858314}.Release|x86.ActiveCfg = Release|Any CPU
		{146B2EF9-6F58-4A94-9E3D-3A2B0B858314}.Release|x86.Build.0 = Release|Any CPU
	EndGlobalSection
	GlobalSection(SolutionProperties) = preSolution
		HideSolutionNode = FALSE
	EndGlobalSection
	GlobalSection(ExtensibilityGlobals) = postSolution
		SolutionGuid = {499BD05D-3063-408E-BDD9-C69767CE3225}
	EndGlobalSection
EndGlobal
